
Microsoft Visual Studio Solution File, Format Version 12.00
# Visual Studio 15
VisualStudioVersion = 15.0.26124.0
MinimumVisualStudioVersion = 15.0.26124.0
Project("{2150E333-8FDC-42A3-9474-1A3956D46DE8}") = "src", "src", "{E6D08E6A-BC22-4456-95D8-6C94F326F0C9}"
EndProject
Project("{FAE04EC0-301F-11D3-BF4B-00C04F79EFBC}") = "Multiplication.Prime", "src\Multiplication.Prime\Multiplication.Prime.csproj", "{37518D81-2314-405A-BC04-E6CB0912F049}"
EndProject
Project("{2150E333-8FDC-42A3-9474-1A3956D46DE8}") = "test", "test", "{745B3F94-5CB7-47FB-AB6E-F9ED8152B603}"
EndProject
Project("{FAE04EC0-301F-11D3-BF4B-00C04F79EFBC}") = "Multiplication.Prime.Test", "test\Multiplication.Prime.Test\Multiplication.Prime.Test.csproj", "{80213531-BA48-4B85-9517-BA2A5D188D19}"
EndProject
Global
	GlobalSection(SolutionConfigurationPlatforms) = preSolution
		Debug|Any CPU = Debug|Any CPU
		Debug|x64 = Debug|x64
		Debug|x86 = Debug|x86
		Release|Any CPU = Release|Any CPU
		Release|x64 = Release|x64
		Release|x86 = Release|x86
	EndGlobalSection
	GlobalSection(SolutionProperties) = preSolution
		HideSolutionNode = FALSE
	EndGlobalSection
	GlobalSection(ProjectConfigurationPlatforms) = postSolution
		{37518D81-2314-405A-BC04-E6CB0912F049}.Debug|Any CPU.ActiveCfg = Debug|Any CPU
		{37518D81-2314-405A-BC04-E6CB0912F049}.Debug|Any CPU.Build.0 = Debug|Any CPU
		{37518D81-2314-405A-BC04-E6CB0912F049}.Debug|x64.ActiveCfg = Debug|Any CPU
		{37518D81-2314-405A-BC04-E6CB0912F049}.Debug|x64.Build.0 = Debug|Any CPU
		{37518D81-2314-405A-BC04-E6CB0912F049}.Debug|x86.ActiveCfg = Debug|Any CPU
		{37518D81-2314-405A-BC04-E6CB0912F049}.Debug|x86.Build.0 = Debug|Any CPU
		{37518D81-2314-405A-BC04-E6CB0912F049}.Release|Any CPU.ActiveCfg = Release|Any CPU
		{37518D81-2314-405A-BC04-E6CB0912F049}.Release|Any CPU.Build.0 = Release|Any CPU
		{37518D81-2314-405A-BC04-E6CB0912F049}.Release|x64.ActiveCfg = Release|Any CPU
		{37518D81-2314-405A-BC04-E6CB0912F049}.Release|x64.Build.0 = Release|Any CPU
		{37518D81-2314-405A-BC04-E6CB0912F049}.Release|x86.ActiveCfg = Release|Any CPU
		{37518D81-2314-405A-BC04-E6CB0912F049}.Release|x86.Build.0 = Release|Any CPU
		{80213531-BA48-4B85-9517-BA2A5D188D19}.Debug|Any CPU.ActiveCfg = Debug|Any CPU
		{80213531-BA48-4B85-9517-BA2A5D188D19}.Debug|Any CPU.Build.0 = Debug|Any CPU
		{80213531-BA48-4B85-9517-BA2A5D188D19}.Debug|x64.ActiveCfg = Debug|Any CPU
		{80213531-BA48-4B85-9517-BA2A5D188D19}.Debug|x64.Build.0 = Debug|Any CPU
		{80213531-BA48-4B85-9517-BA2A5D188D19}.Debug|x86.ActiveCfg = Debug|Any CPU
		{80213531-BA48-4B85-9517-BA2A5D188D19}.Debug|x86.Build.0 = Debug|Any CPU
		{80213531-BA48-4B85-9517-BA2A5D188D19}.Release|Any CPU.ActiveCfg = Release|Any CPU
		{80213531-BA48-4B85-9517-BA2A5D188D19}.Release|Any CPU.Build.0 = Release|Any CPU
		{80213531-BA48-4B85-9517-BA2A5D188D19}.Release|x64.ActiveCfg = Release|Any CPU
		{80213531-BA48-4B85-9517-BA2A5D188D19}.Release|x64.Build.0 = Release|Any CPU
		{80213531-BA48-4B85-9517-BA2A5D188D19}.Release|x86.ActiveCfg = Release|Any CPU
		{80213531-BA48-4B85-9517-BA2A5D188D19}.Release|x86.Build.0 = Release|Any CPU
	EndGlobalSection
	GlobalSection(NestedProjects) = preSolution
		{37518D81-2314-405A-BC04-E6CB0912F049} = {E6D08E6A-BC22-4456-95D8-6C94F326F0C9}
		{80213531-BA48-4B85-9517-BA2A5D188D19} = {745B3F94-5CB7-47FB-AB6E-F9ED8152B603}
	EndGlobalSection
EndGlobal
